
Microsoft Visual Studio Solution File, Format Version 12.00
# Visual Studio 14
VisualStudioVersion = 14.0.25420.1
MinimumVisualStudioVersion = 10.0.40219.1
Project("{FAE04EC0-301F-11D3-BF4B-00C04F79EFBC}") = "Sport.Data", "Sport.Data\Sport.Data.csproj", "{64487BE4-1AA5-4160-B285-E9E4D822DEE8}"
EndProject
Project("{FAE04EC0-301F-11D3-BF4B-00C04F79EFBC}") = "Sport.UI", "Sport.UI\Sport.UI.csproj", "{A31E905C-51AE-43C2-AA7B-74B588620ED0}"
EndProject
Global
	GlobalSection(SolutionConfigurationPlatforms) = preSolution
		Debug|Any CPU = Debug|Any CPU
		Release|Any CPU = Release|Any CPU
	EndGlobalSection
	GlobalSection(ProjectConfigurationPlatforms) = postSolution
		{64487BE4-1AA5-4160-B285-E9E4D822DEE8}.Debug|Any CPU.ActiveCfg = Debug|Any CPU
		{64487BE4-1AA5-4160-B285-E9E4D822DEE8}.Debug|Any CPU.Build.0 = Debug|Any CPU
		{64487BE4-1AA5-4160-B285-E9E4D822DEE8}.Release|Any CPU.ActiveCfg = Release|Any CPU
		{64487BE4-1AA5-4160-B285-E9E4D822DEE8}.Release|Any CPU.Build.0 = Release|Any CPU
		{A31E905C-51AE-43C2-AA7B-74B588620ED0}.Debug|Any CPU.ActiveCfg = Debug|Any CPU
		{A31E905C-51AE-43C2-AA7B-74B588620ED0}.Debug|Any CPU.Build.0 = Debug|Any CPU
		{A31E905C-51AE-43C2-AA7B-74B588620ED0}.Release|Any CPU.ActiveCfg = Release|Any CPU
		{A31E905C-51AE-43C2-AA7B-74B588620ED0}.Release|Any CPU.Build.0 = Release|Any CPU
	EndGlobalSection
	GlobalSection(SolutionProperties) = preSolution
		HideSolutionNode = FALSE
	EndGlobalSection
EndGlobal
